
Microsoft Visual Studio Solution File, Format Version 12.00
# Visual Studio Version 17
VisualStudioVersion = 17.12.35707.178 d17.12
MinimumVisualStudioVersion = 10.0.40219.1
Project("{FAE04EC0-301F-11D3-BF4B-00C04F79EFBC}") = "ImageProcessingApi", "ImageProcessingApi\ImageProcessingApi.csproj", "{D6AAACF7-6A75-4CD8-B6C5-3F4E276EA4B4}"
EndProject
Project("{8BC9CEB8-8B4A-11D0-8D11-00A0C91BC942}") = "ImageProcessor", "ImageProcessor\ImageProcessor.vcxproj", "{4A740027-20BF-4203-BA91-FE029D608D9F}"
EndProject
Global
	GlobalSection(SolutionConfigurationPlatforms) = preSolution
		Debug|Any CPU = Debug|Any CPU
		Debug|x64 = Debug|x64
		Debug|x86 = Debug|x86
		Release|Any CPU = Release|Any CPU
		Release|x64 = Release|x64
		Release|x86 = Release|x86
	EndGlobalSection
	GlobalSection(ProjectConfigurationPlatforms) = postSolution
		{D6AAACF7-6A75-4CD8-B6C5-3F4E276EA4B4}.Debug|Any CPU.ActiveCfg = Debug|Any CPU
		{D6AAACF7-6A75-4CD8-B6C5-3F4E276EA4B4}.Debug|Any CPU.Build.0 = Debug|Any CPU
		{D6AAACF7-6A75-4CD8-B6C5-3F4E276EA4B4}.Debug|x64.ActiveCfg = Debug|Any CPU
		{D6AAACF7-6A75-4CD8-B6C5-3F4E276EA4B4}.Debug|x64.Build.0 = Debug|Any CPU
		{D6AAACF7-6A75-4CD8-B6C5-3F4E276EA4B4}.Debug|x86.ActiveCfg = Debug|Any CPU
		{D6AAACF7-6A75-4CD8-B6C5-3F4E276EA4B4}.Debug|x86.Build.0 = Debug|Any CPU
		{D6AAACF7-6A75-4CD8-B6C5-3F4E276EA4B4}.Release|Any CPU.ActiveCfg = Release|Any CPU
		{D6AAACF7-6A75-4CD8-B6C5-3F4E276EA4B4}.Release|Any CPU.Build.0 = Release|Any CPU
		{D6AAACF7-6A75-4CD8-B6C5-3F4E276EA4B4}.Release|x64.ActiveCfg = Release|Any CPU
		{D6AAACF7-6A75-4CD8-B6C5-3F4E276EA4B4}.Release|x64.Build.0 = Release|Any CPU
		{D6AAACF7-6A75-4CD8-B6C5-3F4E276EA4B4}.Release|x86.ActiveCfg = Release|Any CPU
		{D6AAACF7-6A75-4CD8-B6C5-3F4E276EA4B4}.Release|x86.Build.0 = Release|Any CPU
		{4A740027-20BF-4203-BA91-FE029D608D9F}.Debug|Any CPU.ActiveCfg = Debug|x64
		{4A740027-20BF-4203-BA91-FE029D608D9F}.Debug|Any CPU.Build.0 = Debug|x64
		{4A740027-20BF-4203-BA91-FE029D608D9F}.Debug|x64.ActiveCfg = Debug|x64
		{4A740027-20BF-4203-BA91-FE029D608D9F}.Debug|x64.Build.0 = Debug|x64
		{4A740027-20BF-4203-BA91-FE029D608D9F}.Debug|x86.ActiveCfg = Debug|Win32
		{4A740027-20BF-4203-BA91-FE029D608D9F}.Debug|x86.Build.0 = Debug|Win32
		{4A740027-20BF-4203-BA91-FE029D608D9F}.Release|Any CPU.ActiveCfg = Release|x64
		{4A740027-20BF-4203-BA91-FE029D608D9F}.Release|Any CPU.Build.0 = Release|x64
		{4A740027-20BF-4203-BA91-FE029D608D9F}.Release|x64.ActiveCfg = Release|x64
		{4A740027-20BF-4203-BA91-FE029D608D9F}.Release|x64.Build.0 = Release|x64
		{4A740027-20BF-4203-BA91-FE029D608D9F}.Release|x86.ActiveCfg = Release|Win32
		{4A740027-20BF-4203-BA91-FE029D608D9F}.Release|x86.Build.0 = Release|Win32
	EndGlobalSection
	GlobalSection(SolutionProperties) = preSolution
		HideSolutionNode = FALSE
	EndGlobalSection
EndGlobal
